# This file is automatically @generated by Wally.
# It is not intended for manual editing.
registry = "test"

[[package]]
name = "firebird702/profileservice"
version = "1.1.0"
dependencies = []

[[package]]
name = "oxryn/combatsystem"
version = "0.1.0"
dependencies = [["ProfileService", "firebird702/profileservice@1.1.0"]]
